
Microsoft Visual Studio Solution File, Format Version 12.00
# Visual Studio Version 17
VisualStudioVersion = 17.0.31903.59
MinimumVisualStudioVersion = 10.0.40219.1
Project("{FAE04EC0-301F-11D3-BF4B-00C04F79EFBC}") = "PeopleCarsReactHW.Web", "PeopleCarsReactHW.Web\PeopleCarsReactHW.Web.csproj", "{EBE3DEA6-40C5-4A6A-9BDE-FFE079EB4AB6}"
EndProject
Project("{FAE04EC0-301F-11D3-BF4B-00C04F79EFBC}") = "PeopleCarsReactHW.Data", "PeopleCarsReactHW.Data\PeopleCarsReactHW.Data.csproj", "{87DB4439-A24F-436C-B441-0DB0E51A467F}"
EndProject
Global
	GlobalSection(SolutionConfigurationPlatforms) = preSolution
		Debug|Any CPU = Debug|Any CPU
		Release|Any CPU = Release|Any CPU
	EndGlobalSection
	GlobalSection(SolutionProperties) = preSolution
		HideSolutionNode = FALSE
	EndGlobalSection
	GlobalSection(ProjectConfigurationPlatforms) = postSolution
		{EBE3DEA6-40C5-4A6A-9BDE-FFE079EB4AB6}.Debug|Any CPU.ActiveCfg = Debug|Any CPU
		{EBE3DEA6-40C5-4A6A-9BDE-FFE079EB4AB6}.Debug|Any CPU.Build.0 = Debug|Any CPU
		{EBE3DEA6-40C5-4A6A-9BDE-FFE079EB4AB6}.Release|Any CPU.ActiveCfg = Release|Any CPU
		{EBE3DEA6-40C5-4A6A-9BDE-FFE079EB4AB6}.Release|Any CPU.Build.0 = Release|Any CPU
		{87DB4439-A24F-436C-B441-0DB0E51A467F}.Debug|Any CPU.ActiveCfg = Debug|Any CPU
		{87DB4439-A24F-436C-B441-0DB0E51A467F}.Debug|Any CPU.Build.0 = Debug|Any CPU
		{87DB4439-A24F-436C-B441-0DB0E51A467F}.Release|Any CPU.ActiveCfg = Release|Any CPU
		{87DB4439-A24F-436C-B441-0DB0E51A467F}.Release|Any CPU.Build.0 = Release|Any CPU
	EndGlobalSection
EndGlobal
